
Microsoft Visual Studio Solution File, Format Version 12.00
# Visual Studio Version 17
VisualStudioVersion = 17.0.31912.275
MinimumVisualStudioVersion = 10.0.40219.1
Project("{888888A0-9F3D-457C-B088-3A5042F75D52}") = "Tunniplaan", "Tunniplaan.pyproj", "{269C9331-33AC-41FF-A431-15DB6A1C4928}"
EndProject
Project("{2150E333-8FDC-42A3-9474-1A3956D46DE8}") = "Solution Items", "Solution Items", "{A03E8A42-127F-4F1E-BD16-582039D93F9D}"
EndProject
Global
	GlobalSection(SolutionConfigurationPlatforms) = preSolution
		Debug|Any CPU = Debug|Any CPU
		Release|Any CPU = Release|Any CPU
	EndGlobalSection
	GlobalSection(ProjectConfigurationPlatforms) = postSolution
		{269C9331-33AC-41FF-A431-15DB6A1C4928}.Debug|Any CPU.ActiveCfg = Debug|Any CPU
		{269C9331-33AC-41FF-A431-15DB6A1C4928}.Release|Any CPU.ActiveCfg = Release|Any CPU
	EndGlobalSection
	GlobalSection(SolutionProperties) = preSolution
		HideSolutionNode = FALSE
	EndGlobalSection
	GlobalSection(ExtensibilityGlobals) = postSolution
		SolutionGuid = {BA06A0B2-E1A1-4AD7-BAD4-7567309CFB04}
	EndGlobalSection
EndGlobal
